{
  "originHash" : "bf106e85dd3091e06a103f0225c81ee1af2c93ba0f08d63b0dd4d11356ebd50b",
  "pins" : [
    {
      "identity" : "swift-log",
      "kind" : "remoteSourceControl",
      "location" : "https://github.com/Apple/swift-log",
      "state" : {
        "revision" : "9c6fb14227f55d8f711ce3847dc2f419fb0ecacb",
        "version" : "1.15.1"
      }
    }
  ],
  "version" : 2
}
